
Microsoft Visual Studio Solution File, Format Version 12.00
Project("{FAE04EC0-301F-11D3-BF4B-00C04F79EFBC}") = "CipherNaut", "CipherNaut\CipherNaut.csproj", "{C7A7F992-7C68-400D-92A2-83ADB36A93DF}"
EndProject
Project("{FAE04EC0-301F-11D3-BF4B-00C04F79EFBC}") = "CipherNaut.Test", "CipherNaut.Test\CipherNaut.Test.csproj", "{784FE20A-6191-407E-9D12-CF52595B6A94}"
EndProject
Project("{FAE04EC0-301F-11D3-BF4B-00C04F79EFBC}") = "CipherNaut.Cli", "CipherNaut.Cli\CipherNaut.Cli.csproj", "{8D65D9C6-C377-4851-9CA2-7257FF0B0F1C}"
EndProject
Global
	GlobalSection(SolutionConfigurationPlatforms) = preSolution
		Debug|Any CPU = Debug|Any CPU
		Release|Any CPU = Release|Any CPU
	EndGlobalSection
	GlobalSection(ProjectConfigurationPlatforms) = postSolution
		{C7A7F992-7C68-400D-92A2-83ADB36A93DF}.Debug|Any CPU.ActiveCfg = Debug|Any CPU
		{C7A7F992-7C68-400D-92A2-83ADB36A93DF}.Debug|Any CPU.Build.0 = Debug|Any CPU
		{C7A7F992-7C68-400D-92A2-83ADB36A93DF}.Release|Any CPU.ActiveCfg = Release|Any CPU
		{C7A7F992-7C68-400D-92A2-83ADB36A93DF}.Release|Any CPU.Build.0 = Release|Any CPU
		{784FE20A-6191-407E-9D12-CF52595B6A94}.Debug|Any CPU.ActiveCfg = Debug|Any CPU
		{784FE20A-6191-407E-9D12-CF52595B6A94}.Debug|Any CPU.Build.0 = Debug|Any CPU
		{784FE20A-6191-407E-9D12-CF52595B6A94}.Release|Any CPU.ActiveCfg = Release|Any CPU
		{784FE20A-6191-407E-9D12-CF52595B6A94}.Release|Any CPU.Build.0 = Release|Any CPU
		{8D65D9C6-C377-4851-9CA2-7257FF0B0F1C}.Debug|Any CPU.ActiveCfg = Debug|Any CPU
		{8D65D9C6-C377-4851-9CA2-7257FF0B0F1C}.Debug|Any CPU.Build.0 = Debug|Any CPU
		{8D65D9C6-C377-4851-9CA2-7257FF0B0F1C}.Release|Any CPU.ActiveCfg = Release|Any CPU
		{8D65D9C6-C377-4851-9CA2-7257FF0B0F1C}.Release|Any CPU.Build.0 = Release|Any CPU
	EndGlobalSection
EndGlobal
